
Microsoft Visual Studio Solution File, Format Version 12.00
# Visual Studio 14
VisualStudioVersion = 14.0.25420.1
MinimumVisualStudioVersion = 10.0.40219.1
Project("{FAE04EC0-301F-11D3-BF4B-00C04F79EFBC}") = "Nightmare", "Nightmare\Nightmare.csproj", "{F249EFE5-1A78-4286-90B1-2038D55C1F7A}"
EndProject
Project("{FAE04EC0-301F-11D3-BF4B-00C04F79EFBC}") = "Razor", "Razor\Razor.csproj", "{D5D18622-AC33-4AA5-8666-E1B12B3F0AAE}"
EndProject
Project("{FAE04EC0-301F-11D3-BF4B-00C04F79EFBC}") = "DotNetAppSqlDb", "DotNetAppSqlDb\DotNetAppSqlDb.csproj", "{F3250AB4-90E2-43F4-9260-B1CB7CB2188F}"
EndProject
Global
	GlobalSection(SolutionConfigurationPlatforms) = preSolution
		Debug|Any CPU = Debug|Any CPU
		Release|Any CPU = Release|Any CPU
	EndGlobalSection
	GlobalSection(ProjectConfigurationPlatforms) = postSolution
		{F249EFE5-1A78-4286-90B1-2038D55C1F7A}.Debug|Any CPU.ActiveCfg = Debug|Any CPU
		{F249EFE5-1A78-4286-90B1-2038D55C1F7A}.Debug|Any CPU.Build.0 = Debug|Any CPU
		{F249EFE5-1A78-4286-90B1-2038D55C1F7A}.Release|Any CPU.ActiveCfg = Release|Any CPU
		{F249EFE5-1A78-4286-90B1-2038D55C1F7A}.Release|Any CPU.Build.0 = Release|Any CPU
		{D5D18622-AC33-4AA5-8666-E1B12B3F0AAE}.Debug|Any CPU.ActiveCfg = Debug|Any CPU
		{D5D18622-AC33-4AA5-8666-E1B12B3F0AAE}.Debug|Any CPU.Build.0 = Debug|Any CPU
		{D5D18622-AC33-4AA5-8666-E1B12B3F0AAE}.Release|Any CPU.ActiveCfg = Release|Any CPU
		{D5D18622-AC33-4AA5-8666-E1B12B3F0AAE}.Release|Any CPU.Build.0 = Release|Any CPU
		{F3250AB4-90E2-43F4-9260-B1CB7CB2188F}.Debug|Any CPU.ActiveCfg = Debug|Any CPU
		{F3250AB4-90E2-43F4-9260-B1CB7CB2188F}.Debug|Any CPU.Build.0 = Debug|Any CPU
		{F3250AB4-90E2-43F4-9260-B1CB7CB2188F}.Release|Any CPU.ActiveCfg = Release|Any CPU
		{F3250AB4-90E2-43F4-9260-B1CB7CB2188F}.Release|Any CPU.Build.0 = Release|Any CPU
	EndGlobalSection
	GlobalSection(SolutionProperties) = preSolution
		HideSolutionNode = FALSE
	EndGlobalSection
EndGlobal
